// !$*UTF8*$!
{
	archiveVersion = 1;
	classes = {
	};
	objectVersion = 46;
	objects = {

/* Begin PBXBuildFile section */
		7E7C54A91C0E8CAE00228805 /* main.cpp in Sources */ = {isa = PBXBuildFile; fileRef = 7E7C54A81C0E8CAE00228805 /* main.cpp */; };
/* End PBXBuildFile section */

/* Begin PBXCopyFilesBuildPhase section */
		7E7C54A31C0E8CAE00228805 /* CopyFiles */ = {
			isa = PBXCopyFilesBuildPhase;
			buildActionMask = 2147483647;
			dstPath = /usr/share/man/man1/;
			dstSubfolderSpec = 0;
			files = (
			);
			runOnlyForDeploymentPostprocessing = 1;
		};
/* End PBXCopyFilesBuildPhase section */

/* Begin PBXFileReference section */
		7E7C54A51C0E8CAE00228805 /* Producer_Consumer_Problem */ = {isa = PBXFileReference; explicitFileType = "compiled.mach-o.executable"; includeInIndex = 0; path = Producer_Consumer_Problem; sourceTree = BUILT_PRODUCTS_DIR; };
		7E7C54A81C0E8CAE00228805 /* main.cpp */ = {isa = PBXFileReference; lastKnownFileType = sourcecode.cpp.cpp; path = main.cpp; sourceTree = "<group>"; };
/* End PBXFileReference section */

/* Begin PBXFrameworksBuildPhase section */
		7E7C54A21C0E8CAE00228805 /* Frameworks */ = {
			isa = PBXFrameworksBuildPhase;
			buildActionMask = 2147483647;
			files = (
			);
			runOnlyForDeploymentPostprocessing = 0;
		};
/* End PBXFrameworksBuildPhase section */

/* Begin PBXGroup section */
		7E7C549C1C0E8CAE00228805 = {
			isa = PBXGroup;
			children = (
				7E7C54A71C0E8CAE00228805 /* Producer_Consumer_Problem */,
				7E7C54A61C0E8CAE00228805 /* Products */,
			);
			sourceTree = "<group>";
		};
		7E7C54A61C0E8CAE00228805 /* Products */ = {
			isa = PBXGroup;
			children = (
				7E7C54A51C0E8CAE00228805 /* Producer_Consumer_Problem */,
			);
			name = Products;
			sourceTree = "<group>";
		};
		7E7C54A71C0E8CAE00228805 /* Producer_Consumer_Problem */ = {
			isa = PBXGroup;
			children = (
				7E7C54A81C0E8CAE00228805 /* main.cpp */,
			);
			path = Producer_Consumer_Problem;
			sourceTree = "<group>";
		};
/* End PBXGroup section */

/* Begin PBXNativeTarget section */
		7E7C54A41C0E8CAE00228805 /* Producer_Consumer_Problem */ = {
			isa = PBXNativeTarget;
			buildConfigurationList = 7E7C54AC1C0E8CAE00228805 /* Build configuration list for PBXNativeTarget "Producer_Consumer_Problem" */;
			buildPhases = (
				7E7C54A11C0E8CAE00228805 /* Sources */,
				7E7C54A21C0E8CAE00228805 /* Frameworks */,
				7E7C54A31C0E8CAE00228805 /* CopyFiles */,
			);
			buildRules = (
			);
			dependencies = (
			);
			name = Producer_Consumer_Problem;
			productName = Producer_Consumer_Problem;
			productReference = 7E7C54A51C0E8CAE00228805 /* Producer_Consumer_Problem */;
			productType = "com.apple.product-type.tool";
		};
/* End PBXNativeTarget section */

/* Begin PBXProject section */
		7E7C549D1C0E8CAE00228805 /* Project object */ = {
			isa = PBXProject;
			attributes = {
				LastUpgradeCheck = 0710;
				ORGANIZATIONNAME = ZNing;
				TargetAttributes = {
					7E7C54A41C0E8CAE00228805 = {
						CreatedOnToolsVersion = 7.1.1;
					};
				};
			};
			buildConfigurationList = 7E7C54A01C0E8CAE00228805 /* Build configuration list for PBXProject "Producer_Consumer_Problem" */;
			compatibilityVersion = "Xcode 3.2";
			developmentRegion = English;
			hasScannedForEncodings = 0;
			knownRegions = (
				en,
			);
			mainGroup = 7E7C549C1C0E8CAE00228805;
			productRefGroup = 7E7C54A61C0E8CAE00228805 /* Products */;
			projectDirPath = "";
			projectRoot = "";
			targets = (
				7E7C54A41C0E8CAE00228805 /* Producer_Consumer_Problem */,
			);
		};
/* End PBXProject section */

/* Begin PBXSourcesBuildPhase section */
		7E7C54A11C0E8CAE00228805 /* Sources */ = {
			isa = PBXSourcesBuildPhase;
			buildActionMask = 2147483647;
			files = (
				7E7C54A91C0E8CAE00228805 /* main.cpp in Sources */,
			);
			runOnlyForDeploymentPostprocessing = 0;
		};
/* End PBXSourcesBuildPhase section */

/* Begin XCBuildConfiguration section */
		7E7C54AA1C0E8CAE00228805 /* Debug */ = {
			isa = XCBuildConfiguration;
			buildSettings = {
				ALWAYS_SEARCH_USER_PATHS = NO;
				CLANG_CXX_LANGUAGE_STANDARD = "gnu++0x";
				CLANG_CXX_LIBRARY = "libc++";
				CLANG_ENABLE_MODULES = YES;
				CLANG_ENABLE_OBJC_ARC = YES;
				CLANG_WARN_BOOL_CONVERSION = YES;
				CLANG_WARN_CONSTANT_CONVERSION = YES;
				CLANG_WARN_DIRECT_OBJC_ISA_USAGE = YES_ERROR;
				CLANG_WARN_EMPTY_BODY = YES;
				CLANG_WARN_ENUM_CONVERSION = YES;
				CLANG_WARN_INT_CONVERSION = YES;
				CLANG_WARN_OBJC_ROOT_CLASS = YES_ERROR;
				CLANG_WARN_UNREACHABLE_CODE = YES;
				CLANG_WARN__DUPLICATE_METHOD_MATCH = YES;
				CODE_SIGN_IDENTITY = "-";
				COPY_PHASE_STRIP = NO;
				DEBUG_INFORMATION_FORMAT = dwarf;
				ENABLE_STRICT_OBJC_MSGSEND = YES;
				ENABLE_TESTABILITY = YES;
				GCC_C_LANGUAGE_STANDARD = gnu99;
				GCC_DYNAMIC_NO_PIC = NO;
				GCC_NO_COMMON_BLOCKS = YES;
				GCC_OPTIMIZATION_LEVEL = 0;
				GCC_PREPROCESSOR_DEFINITIONS = (
					"DEBUG=1",
					"$(inherited)",
				);
				GCC_WARN_64_TO_32_BIT_CONVERSION = YES;
				GCC_WARN_ABOUT_RETURN_TYPE = YES_ERROR;
				GCC_WARN_UNDECLARED_SELECTOR = YES;
				GCC_WARN_UNINITIALIZED_AUTOS = YES_AGGRESSIVE;
				GCC_WARN_UNUSED_FUNCTION = YES;
				GCC_WARN_UNUSED_VARIABLE = YES;
				MACOSX_DEPLOYMENT_TARGET = 10.11;
				MTL_ENABLE_DEBUG_INFO = YES;
				ONLY_ACTIVE_ARCH = YES;
				SDKROOT = macosx;
			};
			name = Debug;
		};
		7E7C54AB1C0E8CAE00228805 /* Release */ = {
			isa = XCBuildConfiguration;
			buildSettings = {
				ALWAYS_SEARCH_USER_PATHS = NO;
				CLANG_CXX_LANGUAGE_STANDARD = "gnu++0x";
				CLANG_CXX_LIBRARY = "libc++";
				CLANG_ENABLE_MODULES = YES;
				CLANG_ENABLE_OBJC_ARC = YES;
				CLANG_WARN_BOOL_CONVERSION = YES;
				CLANG_WARN_CONSTANT_CONVERSION = YES;
				CLANG_WARN_DIRECT_OBJC_ISA_USAGE = YES_ERROR;
				CLANG_WARN_EMPTY_BODY = YES;
				CLANG_WARN_ENUM_CONVERSION = YES;
				CLANG_WARN_INT_CONVERSION = YES;
				CLANG_WARN_OBJC_ROOT_CLASS = YES_ERROR;
				CLANG_WARN_UNREACHABLE_CODE = YES;
				CLANG_WARN__DUPLICATE_METHOD_MATCH = YES;
				CODE_SIGN_IDENTITY = "-";
				COPY_PHASE_STRIP = NO;
				DEBUG_INFORMATION_FORMAT = "dwarf-with-dsym";
				ENABLE_NS_ASSERTIONS = NO;
				ENABLE_STRICT_OBJC_MSGSEND = YES;
				GCC_C_LANGUAGE_STANDARD = gnu99;
				GCC_NO_COMMON_BLOCKS = YES;
				GCC_WARN_64_TO_32_BIT_CONVERSION = YES;
				GCC_WARN_ABOUT_RETURN_TYPE = YES_ERROR;
				GCC_WARN_UNDECLARED_SELECTOR = YES;
				GCC_WARN_UNINITIALIZED_AUTOS = YES_AGGRESSIVE;
				GCC_WARN_UNUSED_FUNCTION = YES;
				GCC_WARN_UNUSED_VARIABLE = YES;
				MACOSX_DEPLOYMENT_TARGET = 10.11;
				MTL_ENABLE_DEBUG_INFO = NO;
				SDKROOT = macosx;
			};
			name = Release;
		};
		7E7C54AD1C0E8CAE00228805 /* Debug */ = {
			isa = XCBuildConfiguration;
			buildSettings = {
				PRODUCT_NAME = "$(TARGET_NAME)";
			};
			name = Debug;
		};
		7E7C54AE1C0E8CAE00228805 /* Release */ = {
			isa = XCBuildConfiguration;
			buildSettings = {
				PRODUCT_NAME = "$(TARGET_NAME)";
			};
			name = Release;
		};
/* End XCBuildConfiguration section */

/* Begin XCConfigurationList section */
		7E7C54A01C0E8CAE00228805 /* Build configuration list for PBXProject "Producer_Consumer_Problem" */ = {
			isa = XCConfigurationList;
			buildConfigurations = (
				7E7C54AA1C0E8CAE00228805 /* Debug */,
				7E7C54AB1C0E8CAE00228805 /* Release */,
			);
			defaultConfigurationIsVisible = 0;
			defaultConfigurationName = Release;
		};
		7E7C54AC1C0E8CAE00228805 /* Build configuration list for PBXNativeTarget "Producer_Consumer_Problem" */ = {
			isa = XCConfigurationList;
			buildConfigurations = (
				7E7C54AD1C0E8CAE00228805 /* Debug */,
				7E7C54AE1C0E8CAE00228805 /* Release */,
			);
			defaultConfigurationIsVisible = 0;
		};
/* End XCConfigurationList section */
	};
	rootObject = 7E7C549D1C0E8CAE00228805 /* Project object */;
}
